// !$*UTF8*$!
{
	archiveVersion = 1;
	classes = {
	};
	objectVersion = 50;
	objects = {

/* Begin PBXBuildFile section */
		6A0388162275F21C00C326DD /* AppDelegate.swift in Sources */ = {isa = PBXBuildFile; fileRef = 6A0388152275F21C00C326DD /* AppDelegate.swift */; };
		6A0388182275F21C00C326DD /* ViewController.swift in Sources */ = {isa = PBXBuildFile; fileRef = 6A0388172275F21C00C326DD /* ViewController.swift */; };
		6A03881B2275F21C00C326DD /* Main.storyboard in Resources */ = {isa = PBXBuildFile; fileRef = 6A0388192275F21C00C326DD /* Main.storyboard */; };
		6A03881D2275F21E00C326DD /* Assets.xcassets in Resources */ = {isa = PBXBuildFile; fileRef = 6A03881C2275F21E00C326DD /* Assets.xcassets */; };
		6A0388202275F21E00C326DD /* LaunchScreen.storyboard in Resources */ = {isa = PBXBuildFile; fileRef = 6A03881E2275F21E00C326DD /* LaunchScreen.storyboard */; };
		6A03882B2275F21E00C326DD /* FileExplorerTests.swift in Sources */ = {isa = PBXBuildFile; fileRef = 6A03882A2275F21E00C326DD /* FileExplorerTests.swift */; };
		6A0388362275F21E00C326DD /* FileExplorerUITests.swift in Sources */ = {isa = PBXBuildFile; fileRef = 6A0388352275F21E00C326DD /* FileExplorerUITests.swift */; };
/* End PBXBuildFile section */

/* Begin PBXContainerItemProxy section */
		6A0388272275F21E00C326DD /* PBXContainerItemProxy */ = {
			isa = PBXContainerItemProxy;
			containerPortal = 6A03880A2275F21C00C326DD /* Project object */;
			proxyType = 1;
			remoteGlobalIDString = 6A0388112275F21C00C326DD;
			remoteInfo = FileExplorer;
		};
		6A0388322275F21E00C326DD /* PBXContainerItemProxy */ = {
			isa = PBXContainerItemProxy;
			containerPortal = 6A03880A2275F21C00C326DD /* Project object */;
			proxyType = 1;
			remoteGlobalIDString = 6A0388112275F21C00C326DD;
			remoteInfo = FileExplorer;
		};
/* End PBXContainerItemProxy section */

/* Begin PBXFileReference section */
		6A0388122275F21C00C326DD /* FileExplorer.app */ = {isa = PBXFileReference; explicitFileType = wrapper.application; includeInIndex = 0; path = FileExplorer.app; sourceTree = BUILT_PRODUCTS_DIR; };
		6A0388152275F21C00C326DD /* AppDelegate.swift */ = {isa = PBXFileReference; lastKnownFileType = sourcecode.swift; path = AppDelegate.swift; sourceTree = "<group>"; };
		6A0388172275F21C00C326DD /* ViewController.swift */ = {isa = PBXFileReference; lastKnownFileType = sourcecode.swift; path = ViewController.swift; sourceTree = "<group>"; };
		6A03881A2275F21C00C326DD /* Base */ = {isa = PBXFileReference; lastKnownFileType = file.storyboard; name = Base; path = Base.lproj/Main.storyboard; sourceTree = "<group>"; };
		6A03881C2275F21E00C326DD /* Assets.xcassets */ = {isa = PBXFileReference; lastKnownFileType = folder.assetcatalog; path = Assets.xcassets; sourceTree = "<group>"; };
		6A03881F2275F21E00C326DD /* Base */ = {isa = PBXFileReference; lastKnownFileType = file.storyboard; name = Base; path = Base.lproj/LaunchScreen.storyboard; sourceTree = "<group>"; };
		6A0388212275F21E00C326DD /* Info.plist */ = {isa = PBXFileReference; lastKnownFileType = text.plist.xml; path = Info.plist; sourceTree = "<group>"; };
		6A0388262275F21E00C326DD /* FileExplorerTests.xctest */ = {isa = PBXFileReference; explicitFileType = wrapper.cfbundle; includeInIndex = 0; path = FileExplorerTests.xctest; sourceTree = BUILT_PRODUCTS_DIR; };
		6A03882A2275F21E00C326DD /* FileExplorerTests.swift */ = {isa = PBXFileReference; lastKnownFileType = sourcecode.swift; path = FileExplorerTests.swift; sourceTree = "<group>"; };
		6A03882C2275F21E00C326DD /* Info.plist */ = {isa = PBXFileReference; lastKnownFileType = text.plist.xml; path = Info.plist; sourceTree = "<group>"; };
		6A0388312275F21E00C326DD /* FileExplorerUITests.xctest */ = {isa = PBXFileReference; explicitFileType = wrapper.cfbundle; includeInIndex = 0; path = FileExplorerUITests.xctest; sourceTree = BUILT_PRODUCTS_DIR; };
		6A0388352275F21E00C326DD /* FileExplorerUITests.swift */ = {isa = PBXFileReference; lastKnownFileType = sourcecode.swift; path = FileExplorerUITests.swift; sourceTree = "<group>"; };
		6A0388372275F21E00C326DD /* Info.plist */ = {isa = PBXFileReference; lastKnownFileType = text.plist.xml; path = Info.plist; sourceTree = "<group>"; };
/* End PBXFileReference section */

/* Begin PBXFrameworksBuildPhase section */
		6A03880F2275F21C00C326DD /* Frameworks */ = {
			isa = PBXFrameworksBuildPhase;
			buildActionMask = 2147483647;
			files = (
			);
			runOnlyForDeploymentPostprocessing = 0;
		};
		6A0388232275F21E00C326DD /* Frameworks */ = {
			isa = PBXFrameworksBuildPhase;
			buildActionMask = 2147483647;
			files = (
			);
			runOnlyForDeploymentPostprocessing = 0;
		};
		6A03882E2275F21E00C326DD /* Frameworks */ = {
			isa = PBXFrameworksBuildPhase;
			buildActionMask = 2147483647;
			files = (
			);
			runOnlyForDeploymentPostprocessing = 0;
		};
/* End PBXFrameworksBuildPhase section */

/* Begin PBXGroup section */
		6A0388092275F21C00C326DD = {
			isa = PBXGroup;
			children = (
				6A0388142275F21C00C326DD /* FileExplorer */,
				6A0388292275F21E00C326DD /* FileExplorerTests */,
				6A0388342275F21E00C326DD /* FileExplorerUITests */,
				6A0388132275F21C00C326DD /* Products */,
			);
			sourceTree = "<group>";
		};
		6A0388132275F21C00C326DD /* Products */ = {
			isa = PBXGroup;
			children = (
				6A0388122275F21C00C326DD /* FileExplorer.app */,
				6A0388262275F21E00C326DD /* FileExplorerTests.xctest */,
				6A0388312275F21E00C326DD /* FileExplorerUITests.xctest */,
			);
			name = Products;
			sourceTree = "<group>";
		};
		6A0388142275F21C00C326DD /* FileExplorer */ = {
			isa = PBXGroup;
			children = (
				6A0388152275F21C00C326DD /* AppDelegate.swift */,
				6A0388172275F21C00C326DD /* ViewController.swift */,
				6A0388192275F21C00C326DD /* Main.storyboard */,
				6A03881C2275F21E00C326DD /* Assets.xcassets */,
				6A03881E2275F21E00C326DD /* LaunchScreen.storyboard */,
				6A0388212275F21E00C326DD /* Info.plist */,
			);
			path = FileExplorer;
			sourceTree = "<group>";
		};
		6A0388292275F21E00C326DD /* FileExplorerTests */ = {
			isa = PBXGroup;
			children = (
				6A03882A2275F21E00C326DD /* FileExplorerTests.swift */,
				6A03882C2275F21E00C326DD /* Info.plist */,
			);
			path = FileExplorerTests;
			sourceTree = "<group>";
		};
		6A0388342275F21E00C326DD /* FileExplorerUITests */ = {
			isa = PBXGroup;
			children = (
				6A0388352275F21E00C326DD /* FileExplorerUITests.swift */,
				6A0388372275F21E00C326DD /* Info.plist */,
			);
			path = FileExplorerUITests;
			sourceTree = "<group>";
		};
/* End PBXGroup section */

/* Begin PBXNativeTarget section */
		6A0388112275F21C00C326DD /* FileExplorer */ = {
			isa = PBXNativeTarget;
			buildConfigurationList = 6A03883A2275F21E00C326DD /* Build configuration list for PBXNativeTarget "FileExplorer" */;
			buildPhases = (
				6A03880E2275F21C00C326DD /* Sources */,
				6A03880F2275F21C00C326DD /* Frameworks */,
				6A0388102275F21C00C326DD /* Resources */,
			);
			buildRules = (
			);
			dependencies = (
			);
			name = FileExplorer;
			productName = FileExplorer;
			productReference = 6A0388122275F21C00C326DD /* FileExplorer.app */;
			productType = "com.apple.product-type.application";
		};
		6A0388252275F21E00C326DD /* FileExplorerTests */ = {
			isa = PBXNativeTarget;
			buildConfigurationList = 6A03883D2275F21E00C326DD /* Build configuration list for PBXNativeTarget "FileExplorerTests" */;
			buildPhases = (
				6A0388222275F21E00C326DD /* Sources */,
				6A0388232275F21E00C326DD /* Frameworks */,
				6A0388242275F21E00C326DD /* Resources */,
			);
			buildRules = (
			);
			dependencies = (
				6A0388282275F21E00C326DD /* PBXTargetDependency */,
			);
			name = FileExplorerTests;
			productName = FileExplorerTests;
			productReference = 6A0388262275F21E00C326DD /* FileExplorerTests.xctest */;
			productType = "com.apple.product-type.bundle.unit-test";
		};
		6A0388302275F21E00C326DD /* FileExplorerUITests */ = {
			isa = PBXNativeTarget;
			buildConfigurationList = 6A0388402275F21E00C326DD /* Build configuration list for PBXNativeTarget "FileExplorerUITests" */;
			buildPhases = (
				6A03882D2275F21E00C326DD /* Sources */,
				6A03882E2275F21E00C326DD /* Frameworks */,
				6A03882F2275F21E00C326DD /* Resources */,
			);
			buildRules = (
			);
			dependencies = (
				6A0388332275F21E00C326DD /* PBXTargetDependency */,
			);
			name = FileExplorerUITests;
			productName = FileExplorerUITests;
			productReference = 6A0388312275F21E00C326DD /* FileExplorerUITests.xctest */;
			productType = "com.apple.product-type.bundle.ui-testing";
		};
/* End PBXNativeTarget section */

/* Begin PBXProject section */
		6A03880A2275F21C00C326DD /* Project object */ = {
			isa = PBXProject;
			attributes = {
				LastSwiftUpdateCheck = 1010;
				LastUpgradeCheck = 1010;
				TargetAttributes = {
					6A0388112275F21C00C326DD = {
						CreatedOnToolsVersion = 10.1;
					};
					6A0388252275F21E00C326DD = {
						CreatedOnToolsVersion = 10.1;
						TestTargetID = 6A0388112275F21C00C326DD;
					};
					6A0388302275F21E00C326DD = {
						CreatedOnToolsVersion = 10.1;
						TestTargetID = 6A0388112275F21C00C326DD;
					};
				};
			};
			buildConfigurationList = 6A03880D2275F21C00C326DD /* Build configuration list for PBXProject "FileExplorer" */;
			compatibilityVersion = "Xcode 9.3";
			developmentRegion = en;
			hasScannedForEncodings = 0;
			knownRegions = (
				en,
				Base,
			);
			mainGroup = 6A0388092275F21C00C326DD;
			productRefGroup = 6A0388132275F21C00C326DD /* Products */;
			projectDirPath = "";
			projectRoot = "";
			targets = (
				6A0388112275F21C00C326DD /* FileExplorer */,
				6A0388252275F21E00C326DD /* FileExplorerTests */,
				6A0388302275F21E00C326DD /* FileExplorerUITests */,
			);
		};
/* End PBXProject section */

/* Begin PBXResourcesBuildPhase section */
		6A0388102275F21C00C326DD /* Resources */ = {
			isa = PBXResourcesBuildPhase;
			buildActionMask = 2147483647;
			files = (
				6A0388202275F21E00C326DD /* LaunchScreen.storyboard in Resources */,
				6A03881D2275F21E00C326DD /* Assets.xcassets in Resources */,
				6A03881B2275F21C00C326DD /* Main.storyboard in Resources */,
			);
			runOnlyForDeploymentPostprocessing = 0;
		};
		6A0388242275F21E00C326DD /* Resources */ = {
			isa = PBXResourcesBuildPhase;
			buildActionMask = 2147483647;
			files = (
			);
			runOnlyForDeploymentPostprocessing = 0;
		};
		6A03882F2275F21E00C326DD /* Resources */ = {
			isa = PBXResourcesBuildPhase;
			buildActionMask = 2147483647;
			files = (
			);
			runOnlyForDeploymentPostprocessing = 0;
		};
/* End PBXResourcesBuildPhase section */

/* Begin PBXSourcesBuildPhase section */
		6A03880E2275F21C00C326DD /* Sources */ = {
			isa = PBXSourcesBuildPhase;
			buildActionMask = 2147483647;
			files = (
				6A0388182275F21C00C326DD /* ViewController.swift in Sources */,
				6A0388162275F21C00C326DD /* AppDelegate.swift in Sources */,
			);
			runOnlyForDeploymentPostprocessing = 0;
		};
		6A0388222275F21E00C326DD /* Sources */ = {
			isa = PBXSourcesBuildPhase;
			buildActionMask = 2147483647;
			files = (
				6A03882B2275F21E00C326DD /* FileExplorerTests.swift in Sources */,
			);
			runOnlyForDeploymentPostprocessing = 0;
		};
		6A03882D2275F21E00C326DD /* Sources */ = {
			isa = PBXSourcesBuildPhase;
			buildActionMask = 2147483647;
			files = (
				6A0388362275F21E00C326DD /* FileExplorerUITests.swift in Sources */,
			);
			runOnlyForDeploymentPostprocessing = 0;
		};
/* End PBXSourcesBuildPhase section */

/* Begin PBXTargetDependency section */
		6A0388282275F21E00C326DD /* PBXTargetDependency */ = {
			isa = PBXTargetDependency;
			target = 6A0388112275F21C00C326DD /* FileExplorer */;
			targetProxy = 6A0388272275F21E00C326DD /* PBXContainerItemProxy */;
		};
		6A0388332275F21E00C326DD /* PBXTargetDependency */ = {
			isa = PBXTargetDependency;
			target = 6A0388112275F21C00C326DD /* FileExplorer */;
			targetProxy = 6A0388322275F21E00C326DD /* PBXContainerItemProxy */;
		};
/* End PBXTargetDependency section */

/* Begin PBXVariantGroup section */
		6A0388192275F21C00C326DD /* Main.storyboard */ = {
			isa = PBXVariantGroup;
			children = (
				6A03881A2275F21C00C326DD /* Base */,
			);
			name = Main.storyboard;
			sourceTree = "<group>";
		};
		6A03881E2275F21E00C326DD /* LaunchScreen.storyboard */ = {
			isa = PBXVariantGroup;
			children = (
				6A03881F2275F21E00C326DD /* Base */,
			);
			name = LaunchScreen.storyboard;
			sourceTree = "<group>";
		};
/* End PBXVariantGroup section */

/* Begin XCBuildConfiguration section */
		6A0388382275F21E00C326DD /* Debug */ = {
			isa = XCBuildConfiguration;
			buildSettings = {
				ALWAYS_SEARCH_USER_PATHS = NO;
				CLANG_ANALYZER_NONNULL = YES;
				CLANG_ANALYZER_NUMBER_OBJECT_CONVERSION = YES_AGGRESSIVE;
				CLANG_CXX_LANGUAGE_STANDARD = "gnu++14";
				CLANG_CXX_LIBRARY = "libc++";
				CLANG_ENABLE_MODULES = YES;
				CLANG_ENABLE_OBJC_ARC = YES;
				CLANG_ENABLE_OBJC_WEAK = YES;
				CLANG_WARN_BLOCK_CAPTURE_AUTORELEASING = YES;
				CLANG_WARN_BOOL_CONVERSION = YES;
				CLANG_WARN_COMMA = YES;
				CLANG_WARN_CONSTANT_CONVERSION = YES;
				CLANG_WARN_DEPRECATED_OBJC_IMPLEMENTATIONS = YES;
				CLANG_WARN_DIRECT_OBJC_ISA_USAGE = YES_ERROR;
				CLANG_WARN_DOCUMENTATION_COMMENTS = YES;
				CLANG_WARN_EMPTY_BODY = YES;
				CLANG_WARN_ENUM_CONVERSION = YES;
				CLANG_WARN_INFINITE_RECURSION = YES;
				CLANG_WARN_INT_CONVERSION = YES;
				CLANG_WARN_NON_LITERAL_NULL_CONVERSION = YES;
				CLANG_WARN_OBJC_IMPLICIT_RETAIN_SELF = YES;
				CLANG_WARN_OBJC_LITERAL_CONVERSION = YES;
				CLANG_WARN_OBJC_ROOT_CLASS = YES_ERROR;
				CLANG_WARN_RANGE_LOOP_ANALYSIS = YES;
				CLANG_WARN_STRICT_PROTOTYPES = YES;
				CLANG_WARN_SUSPICIOUS_MOVE = YES;
				CLANG_WARN_UNGUARDED_AVAILABILITY = YES_AGGRESSIVE;
				CLANG_WARN_UNREACHABLE_CODE = YES;
				CLANG_WARN__DUPLICATE_METHOD_MATCH = YES;
				CODE_SIGN_IDENTITY = "iPhone Developer";
				COPY_PHASE_STRIP = NO;
				DEBUG_INFORMATION_FORMAT = dwarf;
				ENABLE_STRICT_OBJC_MSGSEND = YES;
				ENABLE_TESTABILITY = YES;
				GCC_C_LANGUAGE_STANDARD = gnu11;
				GCC_DYNAMIC_NO_PIC = NO;
				GCC_NO_COMMON_BLOCKS = YES;
				GCC_OPTIMIZATION_LEVEL = 0;
				GCC_PREPROCESSOR_DEFINITIONS = (
					"DEBUG=1",
					"$(inherited)",
				);
				GCC_WARN_64_TO_32_BIT_CONVERSION = YES;
				GCC_WARN_ABOUT_RETURN_TYPE = YES_ERROR;
				GCC_WARN_UNDECLARED_SELECTOR = YES;
				GCC_WARN_UNINITIALIZED_AUTOS = YES_AGGRESSIVE;
				GCC_WARN_UNUSED_FUNCTION = YES;
				GCC_WARN_UNUSED_VARIABLE = YES;
				IPHONEOS_DEPLOYMENT_TARGET = 12.1;
				MTL_ENABLE_DEBUG_INFO = INCLUDE_SOURCE;
				MTL_FAST_MATH = YES;
				ONLY_ACTIVE_ARCH = YES;
				SDKROOT = iphoneos;
				SWIFT_ACTIVE_COMPILATION_CONDITIONS = DEBUG;
				SWIFT_OPTIMIZATION_LEVEL = "-Onone";
			};
			name = Debug;
		};
		6A0388392275F21E00C326DD /* Release */ = {
			isa = XCBuildConfiguration;
			buildSettings = {
				ALWAYS_SEARCH_USER_PATHS = NO;
				CLANG_ANALYZER_NONNULL = YES;
				CLANG_ANALYZER_NUMBER_OBJECT_CONVERSION = YES_AGGRESSIVE;
				CLANG_CXX_LANGUAGE_STANDARD = "gnu++14";
				CLANG_CXX_LIBRARY = "libc++";
				CLANG_ENABLE_MODULES = YES;
				CLANG_ENABLE_OBJC_ARC = YES;
				CLANG_ENABLE_OBJC_WEAK = YES;
				CLANG_WARN_BLOCK_CAPTURE_AUTORELEASING = YES;
				CLANG_WARN_BOOL_CONVERSION = YES;
				CLANG_WARN_COMMA = YES;
				CLANG_WARN_CONSTANT_CONVERSION = YES;
				CLANG_WARN_DEPRECATED_OBJC_IMPLEMENTATIONS = YES;
				CLANG_WARN_DIRECT_OBJC_ISA_USAGE = YES_ERROR;
				CLANG_WARN_DOCUMENTATION_COMMENTS = YES;
				CLANG_WARN_EMPTY_BODY = YES;
				CLANG_WARN_ENUM_CONVERSION = YES;
				CLANG_WARN_INFINITE_RECURSION = YES;
				CLANG_WARN_INT_CONVERSION = YES;
				CLANG_WARN_NON_LITERAL_NULL_CONVERSION = YES;
				CLANG_WARN_OBJC_IMPLICIT_RETAIN_SELF = YES;
				CLANG_WARN_OBJC_LITERAL_CONVERSION = YES;
				CLANG_WARN_OBJC_ROOT_CLASS = YES_ERROR;
				CLANG_WARN_RANGE_LOOP_ANALYSIS = YES;
				CLANG_WARN_STRICT_PROTOTYPES = YES;
				CLANG_WARN_SUSPICIOUS_MOVE = YES;
				CLANG_WARN_UNGUARDED_AVAILABILITY = YES_AGGRESSIVE;
				CLANG_WARN_UNREACHABLE_CODE = YES;
				CLANG_WARN__DUPLICATE_METHOD_MATCH = YES;
				CODE_SIGN_IDENTITY = "iPhone Developer";
				COPY_PHASE_STRIP = NO;
				DEBUG_INFORMATION_FORMAT = "dwarf-with-dsym";
				ENABLE_NS_ASSERTIONS = NO;
				ENABLE_STRICT_OBJC_MSGSEND = YES;
				GCC_C_LANGUAGE_STANDARD = gnu11;
				GCC_NO_COMMON_BLOCKS = YES;
				GCC_WARN_64_TO_32_BIT_CONVERSION = YES;
				GCC_WARN_ABOUT_RETURN_TYPE = YES_ERROR;
				GCC_WARN_UNDECLARED_SELECTOR = YES;
				GCC_WARN_UNINITIALIZED_AUTOS = YES_AGGRESSIVE;
				GCC_WARN_UNUSED_FUNCTION = YES;
				GCC_WARN_UNUSED_VARIABLE = YES;
				IPHONEOS_DEPLOYMENT_TARGET = 12.1;
				MTL_ENABLE_DEBUG_INFO = NO;
				MTL_FAST_MATH = YES;
				SDKROOT = iphoneos;
				SWIFT_COMPILATION_MODE = wholemodule;
				SWIFT_OPTIMIZATION_LEVEL = "-O";
				VALIDATE_PRODUCT = YES;
			};
			name = Release;
		};
		6A03883B2275F21E00C326DD /* Debug */ = {
			isa = XCBuildConfiguration;
			buildSettings = {
				ASSETCATALOG_COMPILER_APPICON_NAME = AppIcon;
				CODE_SIGN_STYLE = Automatic;
				INFOPLIST_FILE = FileExplorer/Info.plist;
				LD_RUNPATH_SEARCH_PATHS = (
					"$(inherited)",
					"@executable_path/Frameworks",
				);
				PRODUCT_BUNDLE_IDENTIFIER = com.otboss.FileExplorer;
				PRODUCT_NAME = "$(TARGET_NAME)";
				SWIFT_VERSION = 4.2;
				TARGETED_DEVICE_FAMILY = "1,2";
			};
			name = Debug;
		};
		6A03883C2275F21E00C326DD /* Release */ = {
			isa = XCBuildConfiguration;
			buildSettings = {
				ASSETCATALOG_COMPILER_APPICON_NAME = AppIcon;
				CODE_SIGN_STYLE = Automatic;
				INFOPLIST_FILE = FileExplorer/Info.plist;
				LD_RUNPATH_SEARCH_PATHS = (
					"$(inherited)",
					"@executable_path/Frameworks",
				);
				PRODUCT_BUNDLE_IDENTIFIER = com.otboss.FileExplorer;
				PRODUCT_NAME = "$(TARGET_NAME)";
				SWIFT_VERSION = 4.2;
				TARGETED_DEVICE_FAMILY = "1,2";
			};
			name = Release;
		};
		6A03883E2275F21E00C326DD /* Debug */ = {
			isa = XCBuildConfiguration;
			buildSettings = {
				ALWAYS_EMBED_SWIFT_STANDARD_LIBRARIES = YES;
				BUNDLE_LOADER = "$(TEST_HOST)";
				CODE_SIGN_STYLE = Automatic;
				INFOPLIST_FILE = FileExplorerTests/Info.plist;
				LD_RUNPATH_SEARCH_PATHS = (
					"$(inherited)",
					"@executable_path/Frameworks",
					"@loader_path/Frameworks",
				);
				PRODUCT_BUNDLE_IDENTIFIER = com.otboss.FileExplorerTests;
				PRODUCT_NAME = "$(TARGET_NAME)";
				SWIFT_VERSION = 4.2;
				TARGETED_DEVICE_FAMILY = "1,2";
				TEST_HOST = "$(BUILT_PRODUCTS_DIR)/FileExplorer.app/FileExplorer";
			};
			name = Debug;
		};
		6A03883F2275F21E00C326DD /* Release */ = {
			isa = XCBuildConfiguration;
			buildSettings = {
				ALWAYS_EMBED_SWIFT_STANDARD_LIBRARIES = YES;
				BUNDLE_LOADER = "$(TEST_HOST)";
				CODE_SIGN_STYLE = Automatic;
				INFOPLIST_FILE = FileExplorerTests/Info.plist;
				LD_RUNPATH_SEARCH_PATHS = (
					"$(inherited)",
					"@executable_path/Frameworks",
					"@loader_path/Frameworks",
				);
				PRODUCT_BUNDLE_IDENTIFIER = com.otboss.FileExplorerTests;
				PRODUCT_NAME = "$(TARGET_NAME)";
				SWIFT_VERSION = 4.2;
				TARGETED_DEVICE_FAMILY = "1,2";
				TEST_HOST = "$(BUILT_PRODUCTS_DIR)/FileExplorer.app/FileExplorer";
			};
			name = Release;
		};
		6A0388412275F21E00C326DD /* Debug */ = {
			isa = XCBuildConfiguration;
			buildSettings = {
				ALWAYS_EMBED_SWIFT_STANDARD_LIBRARIES = YES;
				CODE_SIGN_STYLE = Automatic;
				INFOPLIST_FILE = FileExplorerUITests/Info.plist;
				LD_RUNPATH_SEARCH_PATHS = (
					"$(inherited)",
					"@executable_path/Frameworks",
					"@loader_path/Frameworks",
				);
				PRODUCT_BUNDLE_IDENTIFIER = com.otboss.FileExplorerUITests;
				PRODUCT_NAME = "$(TARGET_NAME)";
				SWIFT_VERSION = 4.2;
				TARGETED_DEVICE_FAMILY = "1,2";
				TEST_TARGET_NAME = FileExplorer;
			};
			name = Debug;
		};
		6A0388422275F21E00C326DD /* Release */ = {
			isa = XCBuildConfiguration;
			buildSettings = {
				ALWAYS_EMBED_SWIFT_STANDARD_LIBRARIES = YES;
				CODE_SIGN_STYLE = Automatic;
				INFOPLIST_FILE = FileExplorerUITests/Info.plist;
				LD_RUNPATH_SEARCH_PATHS = (
					"$(inherited)",
					"@executable_path/Frameworks",
					"@loader_path/Frameworks",
				);
				PRODUCT_BUNDLE_IDENTIFIER = com.otboss.FileExplorerUITests;
				PRODUCT_NAME = "$(TARGET_NAME)";
				SWIFT_VERSION = 4.2;
				TARGETED_DEVICE_FAMILY = "1,2";
				TEST_TARGET_NAME = FileExplorer;
			};
			name = Release;
		};
/* End XCBuildConfiguration section */

/* Begin XCConfigurationList section */
		6A03880D2275F21C00C326DD /* Build configuration list for PBXProject "FileExplorer" */ = {
			isa = XCConfigurationList;
			buildConfigurations = (
				6A0388382275F21E00C326DD /* Debug */,
				6A0388392275F21E00C326DD /* Release */,
			);
			defaultConfigurationIsVisible = 0;
			defaultConfigurationName = Release;
		};
		6A03883A2275F21E00C326DD /* Build configuration list for PBXNativeTarget "FileExplorer" */ = {
			isa = XCConfigurationList;
			buildConfigurations = (
				6A03883B2275F21E00C326DD /* Debug */,
				6A03883C2275F21E00C326DD /* Release */,
			);
			defaultConfigurationIsVisible = 0;
			defaultConfigurationName = Release;
		};
		6A03883D2275F21E00C326DD /* Build configuration list for PBXNativeTarget "FileExplorerTests" */ = {
			isa = XCConfigurationList;
			buildConfigurations = (
				6A03883E2275F21E00C326DD /* Debug */,
				6A03883F2275F21E00C326DD /* Release */,
			);
			defaultConfigurationIsVisible = 0;
			defaultConfigurationName = Release;
		};
		6A0388402275F21E00C326DD /* Build configuration list for PBXNativeTarget "FileExplorerUITests" */ = {
			isa = XCConfigurationList;
			buildConfigurations = (
				6A0388412275F21E00C326DD /* Debug */,
				6A0388422275F21E00C326DD /* Release */,
			);
			defaultConfigurationIsVisible = 0;
			defaultConfigurationName = Release;
		};
/* End XCConfigurationList section */
	};
	rootObject = 6A03880A2275F21C00C326DD /* Project object */;
}
